
Microsoft Visual Studio Solution File, Format Version 12.00
# Visual Studio Version 16
VisualStudioVersion = 16.0.30204.135
MinimumVisualStudioVersion = 10.0.40219.1
Project("{FAE04EC0-301F-11D3-BF4B-00C04F79EFBC}") = "CongressoApp", "CongressoApp\CongressoApp.csproj", "{DA54B980-B92B-4095-9690-6BC283F109AF}"
EndProject
Global
	GlobalSection(SolutionConfigurationPlatforms) = preSolution
		Debug|Any CPU = Debug|Any CPU
		Release|Any CPU = Release|Any CPU
	EndGlobalSection
	GlobalSection(ProjectConfigurationPlatforms) = postSolution
		{DA54B980-B92B-4095-9690-6BC283F109AF}.Debug|Any CPU.ActiveCfg = Debug|Any CPU
		{DA54B980-B92B-4095-9690-6BC283F109AF}.Debug|Any CPU.Build.0 = Debug|Any CPU
		{DA54B980-B92B-4095-9690-6BC283F109AF}.Release|Any CPU.ActiveCfg = Release|Any CPU
		{DA54B980-B92B-4095-9690-6BC283F109AF}.Release|Any CPU.Build.0 = Release|Any CPU
	EndGlobalSection
	GlobalSection(SolutionProperties) = preSolution
		HideSolutionNode = FALSE
	EndGlobalSection
	GlobalSection(ExtensibilityGlobals) = postSolution
		SolutionGuid = {F06E0EE9-D134-441C-BB00-176D676D50F7}
	EndGlobalSection
EndGlobal
